// !$*UTF8*$!
{
	archiveVersion = 1;
	classes = {
	};
	objectVersion = 46;
	objects = {

/* Begin PBXBuildFile section */
		FF7FB0691B834E190086A506 /* demoPic1.png in Resources */ = {isa = PBXBuildFile; fileRef = FF7FB0681B834E190086A506 /* demoPic1.png */; };
		FF7FB06B1B834E280086A506 /* demoPic2.png in Resources */ = {isa = PBXBuildFile; fileRef = FF7FB06A1B834E280086A506 /* demoPic2.png */; };
		FF8B7A181B822F0F00ECBCAE /* main.m in Sources */ = {isa = PBXBuildFile; fileRef = FF8B7A171B822F0F00ECBCAE /* main.m */; };
		FF8B7A1B1B822F0F00ECBCAE /* AppDelegate.m in Sources */ = {isa = PBXBuildFile; fileRef = FF8B7A1A1B822F0F00ECBCAE /* AppDelegate.m */; };
		FF8B7A1E1B822F0F00ECBCAE /* ViewController.m in Sources */ = {isa = PBXBuildFile; fileRef = FF8B7A1D1B822F0F00ECBCAE /* ViewController.m */; };
		FF8B7A211B822F0F00ECBCAE /* Main.storyboard in Resources */ = {isa = PBXBuildFile; fileRef = FF8B7A1F1B822F0F00ECBCAE /* Main.storyboard */; };
		FF8B7A231B822F0F00ECBCAE /* Images.xcassets in Resources */ = {isa = PBXBuildFile; fileRef = FF8B7A221B822F0F00ECBCAE /* Images.xcassets */; };
		FF8B7A261B822F0F00ECBCAE /* LaunchScreen.xib in Resources */ = {isa = PBXBuildFile; fileRef = FF8B7A241B822F0F00ECBCAE /* LaunchScreen.xib */; };
		FF8B7A321B822F1000ECBCAE /* weatherTests.m in Sources */ = {isa = PBXBuildFile; fileRef = FF8B7A311B822F1000ECBCAE /* weatherTests.m */; };
/* End PBXBuildFile section */

/* Begin PBXContainerItemProxy section */
		FF8B7A2C1B822F1000ECBCAE /* PBXContainerItemProxy */ = {
			isa = PBXContainerItemProxy;
			containerPortal = FF8B7A0A1B822F0F00ECBCAE /* Project object */;
			proxyType = 1;
			remoteGlobalIDString = FF8B7A111B822F0F00ECBCAE;
			remoteInfo = weather;
		};
/* End PBXContainerItemProxy section */

/* Begin PBXFileReference section */
		FF7FB0681B834E190086A506 /* demoPic1.png */ = {isa = PBXFileReference; lastKnownFileType = image.png; path = demoPic1.png; sourceTree = "<group>"; };
		FF7FB06A1B834E280086A506 /* demoPic2.png */ = {isa = PBXFileReference; lastKnownFileType = image.png; path = demoPic2.png; sourceTree = "<group>"; };
		FF8B7A121B822F0F00ECBCAE /* weather.app */ = {isa = PBXFileReference; explicitFileType = wrapper.application; includeInIndex = 0; path = weather.app; sourceTree = BUILT_PRODUCTS_DIR; };
		FF8B7A161B822F0F00ECBCAE /* Info.plist */ = {isa = PBXFileReference; lastKnownFileType = text.plist.xml; path = Info.plist; sourceTree = "<group>"; };
		FF8B7A171B822F0F00ECBCAE /* main.m */ = {isa = PBXFileReference; lastKnownFileType = sourcecode.c.objc; path = main.m; sourceTree = "<group>"; };
		FF8B7A191B822F0F00ECBCAE /* AppDelegate.h */ = {isa = PBXFileReference; lastKnownFileType = sourcecode.c.h; path = AppDelegate.h; sourceTree = "<group>"; };
		FF8B7A1A1B822F0F00ECBCAE /* AppDelegate.m */ = {isa = PBXFileReference; lastKnownFileType = sourcecode.c.objc; path = AppDelegate.m; sourceTree = "<group>"; };
		FF8B7A1C1B822F0F00ECBCAE /* ViewController.h */ = {isa = PBXFileReference; lastKnownFileType = sourcecode.c.h; path = ViewController.h; sourceTree = "<group>"; };
		FF8B7A1D1B822F0F00ECBCAE /* ViewController.m */ = {isa = PBXFileReference; lastKnownFileType = sourcecode.c.objc; path = ViewController.m; sourceTree = "<group>"; };
		FF8B7A201B822F0F00ECBCAE /* Base */ = {isa = PBXFileReference; lastKnownFileType = file.storyboard; name = Base; path = Base.lproj/Main.storyboard; sourceTree = "<group>"; };
		FF8B7A221B822F0F00ECBCAE /* Images.xcassets */ = {isa = PBXFileReference; lastKnownFileType = folder.assetcatalog; path = Images.xcassets; sourceTree = "<group>"; };
		FF8B7A251B822F0F00ECBCAE /* Base */ = {isa = PBXFileReference; lastKnownFileType = file.xib; name = Base; path = Base.lproj/LaunchScreen.xib; sourceTree = "<group>"; };
		FF8B7A2B1B822F1000ECBCAE /* weatherTests.xctest */ = {isa = PBXFileReference; explicitFileType = wrapper.cfbundle; includeInIndex = 0; path = weatherTests.xctest; sourceTree = BUILT_PRODUCTS_DIR; };
		FF8B7A301B822F1000ECBCAE /* Info.plist */ = {isa = PBXFileReference; lastKnownFileType = text.plist.xml; path = Info.plist; sourceTree = "<group>"; };
		FF8B7A311B822F1000ECBCAE /* weatherTests.m */ = {isa = PBXFileReference; lastKnownFileType = sourcecode.c.objc; path = weatherTests.m; sourceTree = "<group>"; };
/* End PBXFileReference section */

/* Begin PBXFrameworksBuildPhase section */
		FF8B7A0F1B822F0F00ECBCAE /* Frameworks */ = {
			isa = PBXFrameworksBuildPhase;
			buildActionMask = 2147483647;
			files = (
			);
			runOnlyForDeploymentPostprocessing = 0;
		};
		FF8B7A281B822F1000ECBCAE /* Frameworks */ = {
			isa = PBXFrameworksBuildPhase;
			buildActionMask = 2147483647;
			files = (
			);
			runOnlyForDeploymentPostprocessing = 0;
		};
/* End PBXFrameworksBuildPhase section */

/* Begin PBXGroup section */
		FF8B7A091B822F0F00ECBCAE = {
			isa = PBXGroup;
			children = (
				FF8B7A141B822F0F00ECBCAE /* weather */,
				FF8B7A2E1B822F1000ECBCAE /* weatherTests */,
				FF8B7A131B822F0F00ECBCAE /* Products */,
			);
			sourceTree = "<group>";
		};
		FF8B7A131B822F0F00ECBCAE /* Products */ = {
			isa = PBXGroup;
			children = (
				FF8B7A121B822F0F00ECBCAE /* weather.app */,
				FF8B7A2B1B822F1000ECBCAE /* weatherTests.xctest */,
			);
			name = Products;
			sourceTree = "<group>";
		};
		FF8B7A141B822F0F00ECBCAE /* weather */ = {
			isa = PBXGroup;
			children = (
				FF8B7A191B822F0F00ECBCAE /* AppDelegate.h */,
				FF8B7A1A1B822F0F00ECBCAE /* AppDelegate.m */,
				FF8B7A1C1B822F0F00ECBCAE /* ViewController.h */,
				FF8B7A1D1B822F0F00ECBCAE /* ViewController.m */,
				FF8B7A1F1B822F0F00ECBCAE /* Main.storyboard */,
				FF8B7A221B822F0F00ECBCAE /* Images.xcassets */,
				FF8B7A241B822F0F00ECBCAE /* LaunchScreen.xib */,
				FF8B7A151B822F0F00ECBCAE /* Supporting Files */,
			);
			path = weather;
			sourceTree = "<group>";
		};
		FF8B7A151B822F0F00ECBCAE /* Supporting Files */ = {
			isa = PBXGroup;
			children = (
				FF7FB0681B834E190086A506 /* demoPic1.png */,
				FF7FB06A1B834E280086A506 /* demoPic2.png */,
				FF8B7A161B822F0F00ECBCAE /* Info.plist */,
				FF8B7A171B822F0F00ECBCAE /* main.m */,
			);
			name = "Supporting Files";
			sourceTree = "<group>";
		};
		FF8B7A2E1B822F1000ECBCAE /* weatherTests */ = {
			isa = PBXGroup;
			children = (
				FF8B7A311B822F1000ECBCAE /* weatherTests.m */,
				FF8B7A2F1B822F1000ECBCAE /* Supporting Files */,
			);
			path = weatherTests;
			sourceTree = "<group>";
		};
		FF8B7A2F1B822F1000ECBCAE /* Supporting Files */ = {
			isa = PBXGroup;
			children = (
				FF8B7A301B822F1000ECBCAE /* Info.plist */,
			);
			name = "Supporting Files";
			sourceTree = "<group>";
		};
/* End PBXGroup section */

/* Begin PBXNativeTarget section */
		FF8B7A111B822F0F00ECBCAE /* weather */ = {
			isa = PBXNativeTarget;
			buildConfigurationList = FF8B7A351B822F1000ECBCAE /* Build configuration list for PBXNativeTarget "weather" */;
			buildPhases = (
				FF8B7A0E1B822F0F00ECBCAE /* Sources */,
				FF8B7A0F1B822F0F00ECBCAE /* Frameworks */,
				FF8B7A101B822F0F00ECBCAE /* Resources */,
			);
			buildRules = (
			);
			dependencies = (
			);
			name = weather;
			productName = weather;
			productReference = FF8B7A121B822F0F00ECBCAE /* weather.app */;
			productType = "com.apple.product-type.application";
		};
		FF8B7A2A1B822F1000ECBCAE /* weatherTests */ = {
			isa = PBXNativeTarget;
			buildConfigurationList = FF8B7A381B822F1000ECBCAE /* Build configuration list for PBXNativeTarget "weatherTests" */;
			buildPhases = (
				FF8B7A271B822F1000ECBCAE /* Sources */,
				FF8B7A281B822F1000ECBCAE /* Frameworks */,
				FF8B7A291B822F1000ECBCAE /* Resources */,
			);
			buildRules = (
			);
			dependencies = (
				FF8B7A2D1B822F1000ECBCAE /* PBXTargetDependency */,
			);
			name = weatherTests;
			productName = weatherTests;
			productReference = FF8B7A2B1B822F1000ECBCAE /* weatherTests.xctest */;
			productType = "com.apple.product-type.bundle.unit-test";
		};
/* End PBXNativeTarget section */

/* Begin PBXProject section */
		FF8B7A0A1B822F0F00ECBCAE /* Project object */ = {
			isa = PBXProject;
			attributes = {
				LastUpgradeCheck = 0630;
				ORGANIZATIONNAME = SJTU;
				TargetAttributes = {
					FF8B7A111B822F0F00ECBCAE = {
						CreatedOnToolsVersion = 6.3.2;
					};
					FF8B7A2A1B822F1000ECBCAE = {
						CreatedOnToolsVersion = 6.3.2;
						TestTargetID = FF8B7A111B822F0F00ECBCAE;
					};
				};
			};
			buildConfigurationList = FF8B7A0D1B822F0F00ECBCAE /* Build configuration list for PBXProject "weather" */;
			compatibilityVersion = "Xcode 3.2";
			developmentRegion = English;
			hasScannedForEncodings = 0;
			knownRegions = (
				en,
				Base,
			);
			mainGroup = FF8B7A091B822F0F00ECBCAE;
			productRefGroup = FF8B7A131B822F0F00ECBCAE /* Products */;
			projectDirPath = "";
			projectRoot = "";
			targets = (
				FF8B7A111B822F0F00ECBCAE /* weather */,
				FF8B7A2A1B822F1000ECBCAE /* weatherTests */,
			);
		};
/* End PBXProject section */

/* Begin PBXResourcesBuildPhase section */
		FF8B7A101B822F0F00ECBCAE /* Resources */ = {
			isa = PBXResourcesBuildPhase;
			buildActionMask = 2147483647;
			files = (
				FF7FB06B1B834E280086A506 /* demoPic2.png in Resources */,
				FF8B7A211B822F0F00ECBCAE /* Main.storyboard in Resources */,
				FF8B7A261B822F0F00ECBCAE /* LaunchScreen.xib in Resources */,
				FF8B7A231B822F0F00ECBCAE /* Images.xcassets in Resources */,
				FF7FB0691B834E190086A506 /* demoPic1.png in Resources */,
			);
			runOnlyForDeploymentPostprocessing = 0;
		};
		FF8B7A291B822F1000ECBCAE /* Resources */ = {
			isa = PBXResourcesBuildPhase;
			buildActionMask = 2147483647;
			files = (
			);
			runOnlyForDeploymentPostprocessing = 0;
		};
/* End PBXResourcesBuildPhase section */

/* Begin PBXSourcesBuildPhase section */
		FF8B7A0E1B822F0F00ECBCAE /* Sources */ = {
			isa = PBXSourcesBuildPhase;
			buildActionMask = 2147483647;
			files = (
				FF8B7A1E1B822F0F00ECBCAE /* ViewController.m in Sources */,
				FF8B7A1B1B822F0F00ECBCAE /* AppDelegate.m in Sources */,
				FF8B7A181B822F0F00ECBCAE /* main.m in Sources */,
			);
			runOnlyForDeploymentPostprocessing = 0;
		};
		FF8B7A271B822F1000ECBCAE /* Sources */ = {
			isa = PBXSourcesBuildPhase;
			buildActionMask = 2147483647;
			files = (
				FF8B7A321B822F1000ECBCAE /* weatherTests.m in Sources */,
			);
			runOnlyForDeploymentPostprocessing = 0;
		};
/* End PBXSourcesBuildPhase section */

/* Begin PBXTargetDependency section */
		FF8B7A2D1B822F1000ECBCAE /* PBXTargetDependency */ = {
			isa = PBXTargetDependency;
			target = FF8B7A111B822F0F00ECBCAE /* weather */;
			targetProxy = FF8B7A2C1B822F1000ECBCAE /* PBXContainerItemProxy */;
		};
/* End PBXTargetDependency section */

/* Begin PBXVariantGroup section */
		FF8B7A1F1B822F0F00ECBCAE /* Main.storyboard */ = {
			isa = PBXVariantGroup;
			children = (
				FF8B7A201B822F0F00ECBCAE /* Base */,
			);
			name = Main.storyboard;
			sourceTree = "<group>";
		};
		FF8B7A241B822F0F00ECBCAE /* LaunchScreen.xib */ = {
			isa = PBXVariantGroup;
			children = (
				FF8B7A251B822F0F00ECBCAE /* Base */,
			);
			name = LaunchScreen.xib;
			sourceTree = "<group>";
		};
/* End PBXVariantGroup section */

/* Begin XCBuildConfiguration section */
		FF8B7A331B822F1000ECBCAE /* Debug */ = {
			isa = XCBuildConfiguration;
			buildSettings = {
				ALWAYS_SEARCH_USER_PATHS = NO;
				CLANG_CXX_LANGUAGE_STANDARD = "gnu++0x";
				CLANG_CXX_LIBRARY = "libc++";
				CLANG_ENABLE_MODULES = YES;
				CLANG_ENABLE_OBJC_ARC = YES;
				CLANG_WARN_BOOL_CONVERSION = YES;
				CLANG_WARN_CONSTANT_CONVERSION = YES;
				CLANG_WARN_DIRECT_OBJC_ISA_USAGE = YES_ERROR;
				CLANG_WARN_EMPTY_BODY = YES;
				CLANG_WARN_ENUM_CONVERSION = YES;
				CLANG_WARN_INT_CONVERSION = YES;
				CLANG_WARN_OBJC_ROOT_CLASS = YES_ERROR;
				CLANG_WARN_UNREACHABLE_CODE = YES;
				CLANG_WARN__DUPLICATE_METHOD_MATCH = YES;
				"CODE_SIGN_IDENTITY[sdk=iphoneos*]" = "iPhone Developer";
				COPY_PHASE_STRIP = NO;
				DEBUG_INFORMATION_FORMAT = "dwarf-with-dsym";
				ENABLE_STRICT_OBJC_MSGSEND = YES;
				GCC_C_LANGUAGE_STANDARD = gnu99;
				GCC_DYNAMIC_NO_PIC = NO;
				GCC_NO_COMMON_BLOCKS = YES;
				GCC_OPTIMIZATION_LEVEL = 0;
				GCC_PREPROCESSOR_DEFINITIONS = (
					"DEBUG=1",
					"$(inherited)",
				);
				GCC_SYMBOLS_PRIVATE_EXTERN = NO;
				GCC_WARN_64_TO_32_BIT_CONVERSION = YES;
				GCC_WARN_ABOUT_RETURN_TYPE = YES_ERROR;
				GCC_WARN_UNDECLARED_SELECTOR = YES;
				GCC_WARN_UNINITIALIZED_AUTOS = YES_AGGRESSIVE;
				GCC_WARN_UNUSED_FUNCTION = YES;
				GCC_WARN_UNUSED_VARIABLE = YES;
				IPHONEOS_DEPLOYMENT_TARGET = 8.3;
				MTL_ENABLE_DEBUG_INFO = YES;
				ONLY_ACTIVE_ARCH = YES;
				SDKROOT = iphoneos;
			};
			name = Debug;
		};
		FF8B7A341B822F1000ECBCAE /* Release */ = {
			isa = XCBuildConfiguration;
			buildSettings = {
				ALWAYS_SEARCH_USER_PATHS = NO;
				CLANG_CXX_LANGUAGE_STANDARD = "gnu++0x";
				CLANG_CXX_LIBRARY = "libc++";
				CLANG_ENABLE_MODULES = YES;
				CLANG_ENABLE_OBJC_ARC = YES;
				CLANG_WARN_BOOL_CONVERSION = YES;
				CLANG_WARN_CONSTANT_CONVERSION = YES;
				CLANG_WARN_DIRECT_OBJC_ISA_USAGE = YES_ERROR;
				CLANG_WARN_EMPTY_BODY = YES;
				CLANG_WARN_ENUM_CONVERSION = YES;
				CLANG_WARN_INT_CONVERSION = YES;
				CLANG_WARN_OBJC_ROOT_CLASS = YES_ERROR;
				CLANG_WARN_UNREACHABLE_CODE = YES;
				CLANG_WARN__DUPLICATE_METHOD_MATCH = YES;
				"CODE_SIGN_IDENTITY[sdk=iphoneos*]" = "iPhone Developer";
				COPY_PHASE_STRIP = NO;
				DEBUG_INFORMATION_FORMAT = "dwarf-with-dsym";
				ENABLE_NS_ASSERTIONS = NO;
				ENABLE_STRICT_OBJC_MSGSEND = YES;
				GCC_C_LANGUAGE_STANDARD = gnu99;
				GCC_NO_COMMON_BLOCKS = YES;
				GCC_WARN_64_TO_32_BIT_CONVERSION = YES;
				GCC_WARN_ABOUT_RETURN_TYPE = YES_ERROR;
				GCC_WARN_UNDECLARED_SELECTOR = YES;
				GCC_WARN_UNINITIALIZED_AUTOS = YES_AGGRESSIVE;
				GCC_WARN_UNUSED_FUNCTION = YES;
				GCC_WARN_UNUSED_VARIABLE = YES;
				IPHONEOS_DEPLOYMENT_TARGET = 8.3;
				MTL_ENABLE_DEBUG_INFO = NO;
				SDKROOT = iphoneos;
				VALIDATE_PRODUCT = YES;
			};
			name = Release;
		};
		FF8B7A361B822F1000ECBCAE /* Debug */ = {
			isa = XCBuildConfiguration;
			buildSettings = {
				ASSETCATALOG_COMPILER_APPICON_NAME = AppIcon;
				INFOPLIST_FILE = weather/Info.plist;
				LD_RUNPATH_SEARCH_PATHS = "$(inherited) @executable_path/Frameworks";
				PRODUCT_NAME = "$(TARGET_NAME)";
			};
			name = Debug;
		};
		FF8B7A371B822F1000ECBCAE /* Release */ = {
			isa = XCBuildConfiguration;
			buildSettings = {
				ASSETCATALOG_COMPILER_APPICON_NAME = AppIcon;
				INFOPLIST_FILE = weather/Info.plist;
				LD_RUNPATH_SEARCH_PATHS = "$(inherited) @executable_path/Frameworks";
				PRODUCT_NAME = "$(TARGET_NAME)";
			};
			name = Release;
		};
		FF8B7A391B822F1000ECBCAE /* Debug */ = {
			isa = XCBuildConfiguration;
			buildSettings = {
				BUNDLE_LOADER = "$(TEST_HOST)";
				FRAMEWORK_SEARCH_PATHS = (
					"$(SDKROOT)/Developer/Library/Frameworks",
					"$(inherited)",
				);
				GCC_PREPROCESSOR_DEFINITIONS = (
					"DEBUG=1",
					"$(inherited)",
				);
				INFOPLIST_FILE = weatherTests/Info.plist;
				LD_RUNPATH_SEARCH_PATHS = "$(inherited) @executable_path/Frameworks @loader_path/Frameworks";
				PRODUCT_NAME = "$(TARGET_NAME)";
				TEST_HOST = "$(BUILT_PRODUCTS_DIR)/weather.app/weather";
			};
			name = Debug;
		};
		FF8B7A3A1B822F1000ECBCAE /* Release */ = {
			isa = XCBuildConfiguration;
			buildSettings = {
				BUNDLE_LOADER = "$(TEST_HOST)";
				FRAMEWORK_SEARCH_PATHS = (
					"$(SDKROOT)/Developer/Library/Frameworks",
					"$(inherited)",
				);
				INFOPLIST_FILE = weatherTests/Info.plist;
				LD_RUNPATH_SEARCH_PATHS = "$(inherited) @executable_path/Frameworks @loader_path/Frameworks";
				PRODUCT_NAME = "$(TARGET_NAME)";
				TEST_HOST = "$(BUILT_PRODUCTS_DIR)/weather.app/weather";
			};
			name = Release;
		};
/* End XCBuildConfiguration section */

/* Begin XCConfigurationList section */
		FF8B7A0D1B822F0F00ECBCAE /* Build configuration list for PBXProject "weather" */ = {
			isa = XCConfigurationList;
			buildConfigurations = (
				FF8B7A331B822F1000ECBCAE /* Debug */,
				FF8B7A341B822F1000ECBCAE /* Release */,
			);
			defaultConfigurationIsVisible = 0;
			defaultConfigurationName = Release;
		};
		FF8B7A351B822F1000ECBCAE /* Build configuration list for PBXNativeTarget "weather" */ = {
			isa = XCConfigurationList;
			buildConfigurations = (
				FF8B7A361B822F1000ECBCAE /* Debug */,
				FF8B7A371B822F1000ECBCAE /* Release */,
			);
			defaultConfigurationIsVisible = 0;
			defaultConfigurationName = Release;
		};
		FF8B7A381B822F1000ECBCAE /* Build configuration list for PBXNativeTarget "weatherTests" */ = {
			isa = XCConfigurationList;
			buildConfigurations = (
				FF8B7A391B822F1000ECBCAE /* Debug */,
				FF8B7A3A1B822F1000ECBCAE /* Release */,
			);
			defaultConfigurationIsVisible = 0;
			defaultConfigurationName = Release;
		};
/* End XCConfigurationList section */
	};
	rootObject = FF8B7A0A1B822F0F00ECBCAE /* Project object */;
}
